
Microsoft Visual Studio Solution File, Format Version 12.00
Project("{FAE04EC0-301F-11D3-BF4B-00C04F79EFBC}") = "Task1", "Task1\Task1.csproj", "{056B1CBB-D118-49F6-B294-061F3CFA3617}"
EndProject
Project("{FAE04EC0-301F-11D3-BF4B-00C04F79EFBC}") = "Task2", "Task2\Task2.csproj", "{C76ED052-3E0B-49AA-ADCC-7285DE8E04D2}"
EndProject
Project("{FAE04EC0-301F-11D3-BF4B-00C04F79EFBC}") = "Task3", "Task3\Task3.csproj", "{83772AAC-7072-4FC7-B9A6-F1CC8C668FEB}"
EndProject
Project("{FAE04EC0-301F-11D3-BF4B-00C04F79EFBC}") = "Task4", "Task4\Task4.csproj", "{500299BD-5BE6-4ADF-9D42-1D9451C124EF}"
EndProject
Global
	GlobalSection(SolutionConfigurationPlatforms) = preSolution
		Debug|Any CPU = Debug|Any CPU
		Release|Any CPU = Release|Any CPU
	EndGlobalSection
	GlobalSection(ProjectConfigurationPlatforms) = postSolution
		{056B1CBB-D118-49F6-B294-061F3CFA3617}.Debug|Any CPU.ActiveCfg = Debug|Any CPU
		{056B1CBB-D118-49F6-B294-061F3CFA3617}.Debug|Any CPU.Build.0 = Debug|Any CPU
		{056B1CBB-D118-49F6-B294-061F3CFA3617}.Release|Any CPU.ActiveCfg = Release|Any CPU
		{056B1CBB-D118-49F6-B294-061F3CFA3617}.Release|Any CPU.Build.0 = Release|Any CPU
		{C76ED052-3E0B-49AA-ADCC-7285DE8E04D2}.Debug|Any CPU.ActiveCfg = Debug|Any CPU
		{C76ED052-3E0B-49AA-ADCC-7285DE8E04D2}.Debug|Any CPU.Build.0 = Debug|Any CPU
		{C76ED052-3E0B-49AA-ADCC-7285DE8E04D2}.Release|Any CPU.ActiveCfg = Release|Any CPU
		{C76ED052-3E0B-49AA-ADCC-7285DE8E04D2}.Release|Any CPU.Build.0 = Release|Any CPU
		{83772AAC-7072-4FC7-B9A6-F1CC8C668FEB}.Debug|Any CPU.ActiveCfg = Debug|Any CPU
		{83772AAC-7072-4FC7-B9A6-F1CC8C668FEB}.Debug|Any CPU.Build.0 = Debug|Any CPU
		{83772AAC-7072-4FC7-B9A6-F1CC8C668FEB}.Release|Any CPU.ActiveCfg = Release|Any CPU
		{83772AAC-7072-4FC7-B9A6-F1CC8C668FEB}.Release|Any CPU.Build.0 = Release|Any CPU
		{500299BD-5BE6-4ADF-9D42-1D9451C124EF}.Debug|Any CPU.ActiveCfg = Debug|Any CPU
		{500299BD-5BE6-4ADF-9D42-1D9451C124EF}.Debug|Any CPU.Build.0 = Debug|Any CPU
		{500299BD-5BE6-4ADF-9D42-1D9451C124EF}.Release|Any CPU.ActiveCfg = Release|Any CPU
		{500299BD-5BE6-4ADF-9D42-1D9451C124EF}.Release|Any CPU.Build.0 = Release|Any CPU
	EndGlobalSection
EndGlobal
